
Microsoft Visual Studio Solution File, Format Version 12.00
# Visual Studio Version 17
VisualStudioVersion = 17.3.32922.545
MinimumVisualStudioVersion = 10.0.40219.1
Project("{8BC9CEB8-8B4A-11D0-8D11-00A0C91BC942}") = "L20221013", "L20221013.vcxproj", "{689369E7-124C-4FCF-B8B5-3ECD9D682728}"
EndProject
Global
	GlobalSection(SolutionConfigurationPlatforms) = preSolution
		Debug|x64 = Debug|x64
		Debug|x86 = Debug|x86
		Release|x64 = Release|x64
		Release|x86 = Release|x86
	EndGlobalSection
	GlobalSection(ProjectConfigurationPlatforms) = postSolution
		{689369E7-124C-4FCF-B8B5-3ECD9D682728}.Debug|x64.ActiveCfg = Debug|x64
		{689369E7-124C-4FCF-B8B5-3ECD9D682728}.Debug|x64.Build.0 = Debug|x64
		{689369E7-124C-4FCF-B8B5-3ECD9D682728}.Debug|x86.ActiveCfg = Debug|Win32
		{689369E7-124C-4FCF-B8B5-3ECD9D682728}.Debug|x86.Build.0 = Debug|Win32
		{689369E7-124C-4FCF-B8B5-3ECD9D682728}.Release|x64.ActiveCfg = Release|x64
		{689369E7-124C-4FCF-B8B5-3ECD9D682728}.Release|x64.Build.0 = Release|x64
		{689369E7-124C-4FCF-B8B5-3ECD9D682728}.Release|x86.ActiveCfg = Release|Win32
		{689369E7-124C-4FCF-B8B5-3ECD9D682728}.Release|x86.Build.0 = Release|Win32
	EndGlobalSection
	GlobalSection(SolutionProperties) = preSolution
		HideSolutionNode = FALSE
	EndGlobalSection
	GlobalSection(ExtensibilityGlobals) = postSolution
		SolutionGuid = {730FF085-B93A-48CC-B710-6E7E7EA54E3D}
	EndGlobalSection
EndGlobal
